version = 1
revision = 2
requires-python = ">=3.12"

[[package]]
name = "pg-region-debug"
version = "0.1.0"
source = { virtual = "." }
dependencies = [
    { name = "psycopg2" },
]

[package.metadata]
requires-dist = [{ name = "psycopg2", specifier = "==2.9.9" }]

[[package]]
name = "psycopg2"
version = "2.9.9"
source = { registry = "https://pypi.org/simple" }
sdist = { url = "https://files.pythonhosted.org/packages/c9/5e/dc6acaf46d78979d6b03458b7a1618a68e152a6776fce95daac5e0f0301b/psycopg2-2.9.9.tar.gz", hash = "sha256:d1454bde93fb1e224166811694d600e746430c006fbb031ea06ecc2ea41bf156", size = 384926, upload-time = "2023-10-03T12:48:53.323Z" }
wheels = [
    { url = "https://files.pythonhosted.org/packages/13/13/f74ffe6b6f58822e807c70391dc5679a53feb92ce119ccb8a6546c3fb893/psycopg2-2.9.9-cp312-cp312-win32.whl", hash = "sha256:d735786acc7dd25815e89cc4ad529a43af779db2e25aa7c626de864127e5a024", size = 1024634, upload-time = "2023-10-28T09:37:19.078Z" },
    { url = "https://files.pythonhosted.org/packages/58/4b/c4a26e191882b60150bfcb639e416524ae7f8249ab7ee854fb5247f16c40/psycopg2-2.9.9-cp312-cp312-win_amd64.whl", hash = "sha256:a7653d00b732afb6fc597e29c50ad28087dcb4fbfb28e86092277a559ae4e693", size = 1163789, upload-time = "2023-10-28T09:37:22.214Z" },
]
